
Microsoft Visual Studio Solution File, Format Version 12.00
# Visual Studio Version 17
VisualStudioVersion = 17.7.34003.232
MinimumVisualStudioVersion = 10.0.40219.1
Project("{FAE04EC0-301F-11D3-BF4B-00C04F79EFBC}") = "m0", "m0\m0.csproj", "{A8A00DED-611C-4FF5-8B12-5ECC14242B23}"
EndProject
Project("{FAE04EC0-301F-11D3-BF4B-00C04F79EFBC}") = "m0_COMPOSER", "m0_COMPOSER\m0_COMPOSER.csproj", "{F581BD3E-CA8C-4CA6-ABC7-40D06A152E96}"
EndProject
Project("{2150E333-8FDC-42A3-9474-1A3956D46DE8}") = "Solution Items", "Solution Items", "{F236FE0F-9CAC-4C00-8792-0D4C51CCBD1C}"
	ProjectSection(SolutionItems) = preProject
		readme.md = readme.md
	EndProjectSection
EndProject
Project("{FAE04EC0-301F-11D3-BF4B-00C04F79EFBC}") = "m0_desktop", "m0_desktop\m0_desktop.csproj", "{B5856CF1-5A38-47AB-8483-6FF252EFCC12}"
EndProject
Project("{FAE04EC0-301F-11D3-BF4B-00C04F79EFBC}") = "m0_console", "m0_console\m0_console.csproj", "{3FB3CCD5-1EAD-4AF4-8EC4-7275BEF26B09}"
EndProject
Project("{FAE04EC0-301F-11D3-BF4B-00C04F79EFBC}") = "RestTest", "RestTest\RestTest.csproj", "{53B5BF7D-2AEE-4D0A-80EB-730445C6BDF9}"
EndProject
Project("{FAE04EC0-301F-11D3-BF4B-00C04F79EFBC}") = "m0_graph_tests", "m0_graph_tests\m0_graph_tests.csproj", "{7C1DC86E-7355-469E-A112-6AA46D64CD31}"
EndProject
Project("{FAE04EC0-301F-11D3-BF4B-00C04F79EFBC}") = "m0_graph_benchmarks", "m0_graph_benchmarks\m0_graph_benchmarks.csproj", "{30A4950F-BF17-4BB7-B393-AADCBC3197F4}"
EndProject
Project("{FAE04EC0-301F-11D3-BF4B-00C04F79EFBC}") = "m0_graph_test_support", "m0_graph_test_support\m0_graph_test_support.csproj", "{9A6CF56E-D23B-4943-BFB1-8E34F4144C20}"
EndProject
Project("{FAE04EC0-301F-11D3-BF4B-00C04F79EFBC}") = "m0_graph_integration_tests", "m0_graph_integration_tests\m0_graph_integration_tests.csproj", "{1AB75670-5D75-4F57-A1F2-F5A70DD53D22}"
EndProject
Project("{FAE04EC0-301F-11D3-BF4B-00C04F79EFBC}") = "m0_desktop_tests", "m0_desktop_tests\m0_desktop_tests.csproj", "{8E759B49-8DA8-45A8-9C28-8A531A64C09D}"
EndProject
Global
	GlobalSection(SolutionConfigurationPlatforms) = preSolution
		Debug|Any CPU = Debug|Any CPU
		Debug|x64 = Debug|x64
		Debug|x86 = Debug|x86
		Release|Any CPU = Release|Any CPU
		Release|x64 = Release|x64
		Release|x86 = Release|x86
	EndGlobalSection
	GlobalSection(ProjectConfigurationPlatforms) = postSolution
		{A8A00DED-611C-4FF5-8B12-5ECC14242B23}.Debug|Any CPU.ActiveCfg = Debug|Any CPU
		{A8A00DED-611C-4FF5-8B12-5ECC14242B23}.Debug|Any CPU.Build.0 = Debug|Any CPU
		{A8A00DED-611C-4FF5-8B12-5ECC14242B23}.Debug|x64.ActiveCfg = Debug|Any CPU
		{A8A00DED-611C-4FF5-8B12-5ECC14242B23}.Debug|x64.Build.0 = Debug|Any CPU
		{A8A00DED-611C-4FF5-8B12-5ECC14242B23}.Debug|x86.ActiveCfg = Debug|Any CPU
		{A8A00DED-611C-4FF5-8B12-5ECC14242B23}.Debug|x86.Build.0 = Debug|Any CPU
		{A8A00DED-611C-4FF5-8B12-5ECC14242B23}.Release|Any CPU.ActiveCfg = Release|Any CPU
		{A8A00DED-611C-4FF5-8B12-5ECC14242B23}.Release|Any CPU.Build.0 = Release|Any CPU
		{A8A00DED-611C-4FF5-8B12-5ECC14242B23}.Release|x64.ActiveCfg = Release|Any CPU
		{A8A00DED-611C-4FF5-8B12-5ECC14242B23}.Release|x64.Build.0 = Release|Any CPU
		{A8A00DED-611C-4FF5-8B12-5ECC14242B23}.Release|x86.ActiveCfg = Release|Any CPU
		{A8A00DED-611C-4FF5-8B12-5ECC14242B23}.Release|x86.Build.0 = Release|Any CPU
		{F581BD3E-CA8C-4CA6-ABC7-40D06A152E96}.Debug|Any CPU.ActiveCfg = Debug|Any CPU
		{F581BD3E-CA8C-4CA6-ABC7-40D06A152E96}.Debug|Any CPU.Build.0 = Debug|Any CPU
		{F581BD3E-CA8C-4CA6-ABC7-40D06A152E96}.Debug|x64.ActiveCfg = Debug|x64
		{F581BD3E-CA8C-4CA6-ABC7-40D06A152E96}.Debug|x64.Build.0 = Debug|x64
		{F581BD3E-CA8C-4CA6-ABC7-40D06A152E96}.Debug|x86.ActiveCfg = Debug|Any CPU
		{F581BD3E-CA8C-4CA6-ABC7-40D06A152E96}.Debug|x86.Build.0 = Debug|Any CPU
		{F581BD3E-CA8C-4CA6-ABC7-40D06A152E96}.Release|Any CPU.ActiveCfg = Release|Any CPU
		{F581BD3E-CA8C-4CA6-ABC7-40D06A152E96}.Release|Any CPU.Build.0 = Release|Any CPU
		{F581BD3E-CA8C-4CA6-ABC7-40D06A152E96}.Release|x64.ActiveCfg = Release|x64
		{F581BD3E-CA8C-4CA6-ABC7-40D06A152E96}.Release|x64.Build.0 = Release|x64
		{F581BD3E-CA8C-4CA6-ABC7-40D06A152E96}.Release|x86.ActiveCfg = Release|Any CPU
		{F581BD3E-CA8C-4CA6-ABC7-40D06A152E96}.Release|x86.Build.0 = Release|Any CPU
		{B5856CF1-5A38-47AB-8483-6FF252EFCC12}.Debug|Any CPU.ActiveCfg = Debug|Any CPU
		{B5856CF1-5A38-47AB-8483-6FF252EFCC12}.Debug|Any CPU.Build.0 = Debug|Any CPU
		{B5856CF1-5A38-47AB-8483-6FF252EFCC12}.Debug|x64.ActiveCfg = Debug|x64
		{B5856CF1-5A38-47AB-8483-6FF252EFCC12}.Debug|x64.Build.0 = Debug|x64
		{B5856CF1-5A38-47AB-8483-6FF252EFCC12}.Debug|x86.ActiveCfg = Debug|Any CPU
		{B5856CF1-5A38-47AB-8483-6FF252EFCC12}.Debug|x86.Build.0 = Debug|Any CPU
		{B5856CF1-5A38-47AB-8483-6FF252EFCC12}.Release|Any CPU.ActiveCfg = Release|Any CPU
		{B5856CF1-5A38-47AB-8483-6FF252EFCC12}.Release|Any CPU.Build.0 = Release|Any CPU
		{B5856CF1-5A38-47AB-8483-6FF252EFCC12}.Release|x64.ActiveCfg = Release|x64
		{B5856CF1-5A38-47AB-8483-6FF252EFCC12}.Release|x64.Build.0 = Release|x64
		{B5856CF1-5A38-47AB-8483-6FF252EFCC12}.Release|x86.ActiveCfg = Release|Any CPU
		{B5856CF1-5A38-47AB-8483-6FF252EFCC12}.Release|x86.Build.0 = Release|Any CPU
		{3FB3CCD5-1EAD-4AF4-8EC4-7275BEF26B09}.Debug|Any CPU.ActiveCfg = Debug|Any CPU
		{3FB3CCD5-1EAD-4AF4-8EC4-7275BEF26B09}.Debug|Any CPU.Build.0 = Debug|Any CPU
		{3FB3CCD5-1EAD-4AF4-8EC4-7275BEF26B09}.Debug|x64.ActiveCfg = Debug|Any CPU
		{3FB3CCD5-1EAD-4AF4-8EC4-7275BEF26B09}.Debug|x64.Build.0 = Debug|Any CPU
		{3FB3CCD5-1EAD-4AF4-8EC4-7275BEF26B09}.Debug|x86.ActiveCfg = Debug|Any CPU
		{3FB3CCD5-1EAD-4AF4-8EC4-7275BEF26B09}.Debug|x86.Build.0 = Debug|Any CPU
		{3FB3CCD5-1EAD-4AF4-8EC4-7275BEF26B09}.Release|Any CPU.ActiveCfg = Release|Any CPU
		{3FB3CCD5-1EAD-4AF4-8EC4-7275BEF26B09}.Release|Any CPU.Build.0 = Release|Any CPU
		{3FB3CCD5-1EAD-4AF4-8EC4-7275BEF26B09}.Release|x64.ActiveCfg = Release|Any CPU
		{3FB3CCD5-1EAD-4AF4-8EC4-7275BEF26B09}.Release|x64.Build.0 = Release|Any CPU
		{3FB3CCD5-1EAD-4AF4-8EC4-7275BEF26B09}.Release|x86.ActiveCfg = Release|Any CPU
		{3FB3CCD5-1EAD-4AF4-8EC4-7275BEF26B09}.Release|x86.Build.0 = Release|Any CPU
		{53B5BF7D-2AEE-4D0A-80EB-730445C6BDF9}.Debug|Any CPU.ActiveCfg = Debug|Any CPU
		{53B5BF7D-2AEE-4D0A-80EB-730445C6BDF9}.Debug|Any CPU.Build.0 = Debug|Any CPU
		{53B5BF7D-2AEE-4D0A-80EB-730445C6BDF9}.Debug|x64.ActiveCfg = Debug|Any CPU
		{53B5BF7D-2AEE-4D0A-80EB-730445C6BDF9}.Debug|x64.Build.0 = Debug|Any CPU
		{53B5BF7D-2AEE-4D0A-80EB-730445C6BDF9}.Debug|x86.ActiveCfg = Debug|Any CPU
		{53B5BF7D-2AEE-4D0A-80EB-730445C6BDF9}.Debug|x86.Build.0 = Debug|Any CPU
		{53B5BF7D-2AEE-4D0A-80EB-730445C6BDF9}.Release|Any CPU.ActiveCfg = Release|Any CPU
		{53B5BF7D-2AEE-4D0A-80EB-730445C6BDF9}.Release|Any CPU.Build.0 = Release|Any CPU
		{53B5BF7D-2AEE-4D0A-80EB-730445C6BDF9}.Release|x64.ActiveCfg = Release|Any CPU
		{53B5BF7D-2AEE-4D0A-80EB-730445C6BDF9}.Release|x64.Build.0 = Release|Any CPU
		{53B5BF7D-2AEE-4D0A-80EB-730445C6BDF9}.Release|x86.ActiveCfg = Release|Any CPU
		{53B5BF7D-2AEE-4D0A-80EB-730445C6BDF9}.Release|x86.Build.0 = Release|Any CPU
		{7C1DC86E-7355-469E-A112-6AA46D64CD31}.Debug|Any CPU.ActiveCfg = Debug|Any CPU
		{7C1DC86E-7355-469E-A112-6AA46D64CD31}.Debug|Any CPU.Build.0 = Debug|Any CPU
		{7C1DC86E-7355-469E-A112-6AA46D64CD31}.Debug|x64.ActiveCfg = Debug|Any CPU
		{7C1DC86E-7355-469E-A112-6AA46D64CD31}.Debug|x64.Build.0 = Debug|Any CPU
		{7C1DC86E-7355-469E-A112-6AA46D64CD31}.Debug|x86.ActiveCfg = Debug|Any CPU
		{7C1DC86E-7355-469E-A112-6AA46D64CD31}.Debug|x86.Build.0 = Debug|Any CPU
		{7C1DC86E-7355-469E-A112-6AA46D64CD31}.Release|Any CPU.ActiveCfg = Release|Any CPU
		{7C1DC86E-7355-469E-A112-6AA46D64CD31}.Release|Any CPU.Build.0 = Release|Any CPU
		{7C1DC86E-7355-469E-A112-6AA46D64CD31}.Release|x64.ActiveCfg = Release|Any CPU
		{7C1DC86E-7355-469E-A112-6AA46D64CD31}.Release|x64.Build.0 = Release|Any CPU
		{7C1DC86E-7355-469E-A112-6AA46D64CD31}.Release|x86.ActiveCfg = Release|Any CPU
		{7C1DC86E-7355-469E-A112-6AA46D64CD31}.Release|x86.Build.0 = Release|Any CPU
		{30A4950F-BF17-4BB7-B393-AADCBC3197F4}.Debug|Any CPU.ActiveCfg = Debug|Any CPU
		{30A4950F-BF17-4BB7-B393-AADCBC3197F4}.Debug|Any CPU.Build.0 = Debug|Any CPU
		{30A4950F-BF17-4BB7-B393-AADCBC3197F4}.Debug|x64.ActiveCfg = Debug|Any CPU
		{30A4950F-BF17-4BB7-B393-AADCBC3197F4}.Debug|x64.Build.0 = Debug|Any CPU
		{30A4950F-BF17-4BB7-B393-AADCBC3197F4}.Debug|x86.ActiveCfg = Debug|Any CPU
		{30A4950F-BF17-4BB7-B393-AADCBC3197F4}.Debug|x86.Build.0 = Debug|Any CPU
		{30A4950F-BF17-4BB7-B393-AADCBC3197F4}.Release|Any CPU.ActiveCfg = Release|Any CPU
		{30A4950F-BF17-4BB7-B393-AADCBC3197F4}.Release|Any CPU.Build.0 = Release|Any CPU
		{30A4950F-BF17-4BB7-B393-AADCBC3197F4}.Release|x64.ActiveCfg = Release|Any CPU
		{30A4950F-BF17-4BB7-B393-AADCBC3197F4}.Release|x64.Build.0 = Release|Any CPU
		{30A4950F-BF17-4BB7-B393-AADCBC3197F4}.Release|x86.ActiveCfg = Release|Any CPU
		{30A4950F-BF17-4BB7-B393-AADCBC3197F4}.Release|x86.Build.0 = Release|Any CPU
		{9A6CF56E-D23B-4943-BFB1-8E34F4144C20}.Debug|Any CPU.ActiveCfg = Debug|Any CPU
		{9A6CF56E-D23B-4943-BFB1-8E34F4144C20}.Debug|Any CPU.Build.0 = Debug|Any CPU
		{9A6CF56E-D23B-4943-BFB1-8E34F4144C20}.Debug|x64.ActiveCfg = Debug|Any CPU
		{9A6CF56E-D23B-4943-BFB1-8E34F4144C20}.Debug|x64.Build.0 = Debug|Any CPU
		{9A6CF56E-D23B-4943-BFB1-8E34F4144C20}.Debug|x86.ActiveCfg = Debug|Any CPU
		{9A6CF56E-D23B-4943-BFB1-8E34F4144C20}.Debug|x86.Build.0 = Debug|Any CPU
		{9A6CF56E-D23B-4943-BFB1-8E34F4144C20}.Release|Any CPU.ActiveCfg = Release|Any CPU
		{9A6CF56E-D23B-4943-BFB1-8E34F4144C20}.Release|Any CPU.Build.0 = Release|Any CPU
		{9A6CF56E-D23B-4943-BFB1-8E34F4144C20}.Release|x64.ActiveCfg = Release|Any CPU
		{9A6CF56E-D23B-4943-BFB1-8E34F4144C20}.Release|x64.Build.0 = Release|Any CPU
		{9A6CF56E-D23B-4943-BFB1-8E34F4144C20}.Release|x86.ActiveCfg = Release|Any CPU
		{9A6CF56E-D23B-4943-BFB1-8E34F4144C20}.Release|x86.Build.0 = Release|Any CPU
		{1AB75670-5D75-4F57-A1F2-F5A70DD53D22}.Debug|Any CPU.ActiveCfg = Debug|Any CPU
		{1AB75670-5D75-4F57-A1F2-F5A70DD53D22}.Debug|Any CPU.Build.0 = Debug|Any CPU
		{1AB75670-5D75-4F57-A1F2-F5A70DD53D22}.Debug|x64.ActiveCfg = Debug|Any CPU
		{1AB75670-5D75-4F57-A1F2-F5A70DD53D22}.Debug|x64.Build.0 = Debug|Any CPU
		{1AB75670-5D75-4F57-A1F2-F5A70DD53D22}.Debug|x86.ActiveCfg = Debug|Any CPU
		{1AB75670-5D75-4F57-A1F2-F5A70DD53D22}.Debug|x86.Build.0 = Debug|Any CPU
		{1AB75670-5D75-4F57-A1F2-F5A70DD53D22}.Release|Any CPU.ActiveCfg = Release|Any CPU
		{1AB75670-5D75-4F57-A1F2-F5A70DD53D22}.Release|Any CPU.Build.0 = Release|Any CPU
		{1AB75670-5D75-4F57-A1F2-F5A70DD53D22}.Release|x64.ActiveCfg = Release|Any CPU
		{1AB75670-5D75-4F57-A1F2-F5A70DD53D22}.Release|x64.Build.0 = Release|Any CPU
		{1AB75670-5D75-4F57-A1F2-F5A70DD53D22}.Release|x86.ActiveCfg = Release|Any CPU
		{1AB75670-5D75-4F57-A1F2-F5A70DD53D22}.Release|x86.Build.0 = Release|Any CPU
		{8E759B49-8DA8-45A8-9C28-8A531A64C09D}.Debug|Any CPU.ActiveCfg = Debug|Any CPU
		{8E759B49-8DA8-45A8-9C28-8A531A64C09D}.Debug|Any CPU.Build.0 = Debug|Any CPU
		{8E759B49-8DA8-45A8-9C28-8A531A64C09D}.Debug|x64.ActiveCfg = Debug|Any CPU
		{8E759B49-8DA8-45A8-9C28-8A531A64C09D}.Debug|x64.Build.0 = Debug|Any CPU
		{8E759B49-8DA8-45A8-9C28-8A531A64C09D}.Debug|x86.ActiveCfg = Debug|Any CPU
		{8E759B49-8DA8-45A8-9C28-8A531A64C09D}.Debug|x86.Build.0 = Debug|Any CPU
		{8E759B49-8DA8-45A8-9C28-8A531A64C09D}.Release|Any CPU.ActiveCfg = Release|Any CPU
		{8E759B49-8DA8-45A8-9C28-8A531A64C09D}.Release|Any CPU.Build.0 = Release|Any CPU
		{8E759B49-8DA8-45A8-9C28-8A531A64C09D}.Release|x64.ActiveCfg = Release|Any CPU
		{8E759B49-8DA8-45A8-9C28-8A531A64C09D}.Release|x64.Build.0 = Release|Any CPU
		{8E759B49-8DA8-45A8-9C28-8A531A64C09D}.Release|x86.ActiveCfg = Release|Any CPU
		{8E759B49-8DA8-45A8-9C28-8A531A64C09D}.Release|x86.Build.0 = Release|Any CPU
	EndGlobalSection
	GlobalSection(SolutionProperties) = preSolution
		HideSolutionNode = FALSE
	EndGlobalSection
	GlobalSection(ExtensibilityGlobals) = postSolution
		SolutionGuid = {EDCC8115-68E6-440B-892C-A16EE0DB0E33}
	EndGlobalSection
EndGlobal
